
Microsoft Visual Studio Solution File, Format Version 12.00
# Visual Studio 15
VisualStudioVersion = 15.0.28010.2046
MinimumVisualStudioVersion = 10.0.40219.1
Project("{FAE04EC0-301F-11D3-BF4B-00C04F79EFBC}") = "Praca_inzynierska", "Praca_inzynierska\Praca_inzynierska.csproj", "{30D53255-287B-408E-816E-9A6DEF02D535}"
EndProject
Global
	GlobalSection(SolutionConfigurationPlatforms) = preSolution
		Debug|Any CPU = Debug|Any CPU
		Release|Any CPU = Release|Any CPU
	EndGlobalSection
	GlobalSection(ProjectConfigurationPlatforms) = postSolution
		{30D53255-287B-408E-816E-9A6DEF02D535}.Debug|Any CPU.ActiveCfg = Debug|Any CPU
		{30D53255-287B-408E-816E-9A6DEF02D535}.Debug|Any CPU.Build.0 = Debug|Any CPU
		{30D53255-287B-408E-816E-9A6DEF02D535}.Release|Any CPU.ActiveCfg = Release|Any CPU
		{30D53255-287B-408E-816E-9A6DEF02D535}.Release|Any CPU.Build.0 = Release|Any CPU
	EndGlobalSection
	GlobalSection(SolutionProperties) = preSolution
		HideSolutionNode = FALSE
	EndGlobalSection
	GlobalSection(ExtensibilityGlobals) = postSolution
		SolutionGuid = {8F92C76B-5385-4D72-9EC2-3B9959647767}
	EndGlobalSection
EndGlobal
